
Microsoft Visual Studio Solution File, Format Version 12.00
# Visual Studio 15
VisualStudioVersion = 15.0.28307.757
MinimumVisualStudioVersion = 10.0.40219.1
Project("{FAE04EC0-301F-11D3-BF4B-00C04F79EFBC}") = "CalculateTest", "CalculateTest\CalculateTest.csproj", "{B9C9B326-B4FA-4781-80CB-3021C4179F25}"
EndProject
Global
	GlobalSection(SolutionConfigurationPlatforms) = preSolution
		Debug|Any CPU = Debug|Any CPU
		Release|Any CPU = Release|Any CPU
	EndGlobalSection
	GlobalSection(ProjectConfigurationPlatforms) = postSolution
		{B9C9B326-B4FA-4781-80CB-3021C4179F25}.Debug|Any CPU.ActiveCfg = Debug|Any CPU
		{B9C9B326-B4FA-4781-80CB-3021C4179F25}.Debug|Any CPU.Build.0 = Debug|Any CPU
		{B9C9B326-B4FA-4781-80CB-3021C4179F25}.Release|Any CPU.ActiveCfg = Release|Any CPU
		{B9C9B326-B4FA-4781-80CB-3021C4179F25}.Release|Any CPU.Build.0 = Release|Any CPU
	EndGlobalSection
	GlobalSection(SolutionProperties) = preSolution
		HideSolutionNode = FALSE
	EndGlobalSection
	GlobalSection(ExtensibilityGlobals) = postSolution
		SolutionGuid = {A6CE7FC9-06D9-4E4F-AC94-C285BE6495E0}
	EndGlobalSection
EndGlobal
